// !$*UTF8*$!
{
	archiveVersion = 1;
	classes = {
	};
	objectVersion = 51;
	objects = {

/* Begin PBXBuildFile section */
		1C692CD1712D93E8259C4C1C /* Pods_NearbyTests.framework in Frameworks */ = {isa = PBXBuildFile; fileRef = 587B95105147A1DDAD1A0231 /* Pods_NearbyTests.framework */; };
		BBEE758A4E71B78644277329 /* Pods_Nearby.framework in Frameworks */ = {isa = PBXBuildFile; fileRef = 9F869E7244FCE13B76EBD7AB /* Pods_Nearby.framework */; };
		D65960A124C0946A005A2D86 /* AppDelegate.swift in Sources */ = {isa = PBXBuildFile; fileRef = D65960A024C0946A005A2D86 /* AppDelegate.swift */; };
		D65960AA24C0946D005A2D86 /* Assets.xcassets in Resources */ = {isa = PBXBuildFile; fileRef = D65960A924C0946D005A2D86 /* Assets.xcassets */; };
		D65960AD24C0946D005A2D86 /* LaunchScreen.storyboard in Resources */ = {isa = PBXBuildFile; fileRef = D65960AB24C0946D005A2D86 /* LaunchScreen.storyboard */; };
		D65960C324C0946D005A2D86 /* NearbyUITests.swift in Sources */ = {isa = PBXBuildFile; fileRef = D65960C224C0946D005A2D86 /* NearbyUITests.swift */; };
		D65960D624C0B09B005A2D86 /* Location.swift in Sources */ = {isa = PBXBuildFile; fileRef = D65960D524C0B09B005A2D86 /* Location.swift */; };
		D65960D824C0B0AD005A2D86 /* Venue.swift in Sources */ = {isa = PBXBuildFile; fileRef = D65960D724C0B0AD005A2D86 /* Venue.swift */; };
		D65960DD24C0F555005A2D86 /* LocationManager.swift in Sources */ = {isa = PBXBuildFile; fileRef = D65960DC24C0F555005A2D86 /* LocationManager.swift */; };
		D65960DF24C11C05005A2D86 /* LocationCoordinate.swift in Sources */ = {isa = PBXBuildFile; fileRef = D65960DE24C11C05005A2D86 /* LocationCoordinate.swift */; };
		D65960E824C12585005A2D86 /* BaseViewController.swift in Sources */ = {isa = PBXBuildFile; fileRef = D65960E724C12585005A2D86 /* BaseViewController.swift */; };
		D676746024C26AF900B47CF2 /* FoursquarePlaceFetcher.swift in Sources */ = {isa = PBXBuildFile; fileRef = D676745F24C26AF900B47CF2 /* FoursquarePlaceFetcher.swift */; };
		D676746324C3604500B47CF2 /* Photo.swift in Sources */ = {isa = PBXBuildFile; fileRef = D676746224C3604500B47CF2 /* Photo.swift */; };
		D676746524C3928300B47CF2 /* PlacePhotoFetcher.swift in Sources */ = {isa = PBXBuildFile; fileRef = D676746424C3928300B47CF2 /* PlacePhotoFetcher.swift */; };
		D676746C24C39E5500B47CF2 /* LaunchCoordinator.swift in Sources */ = {isa = PBXBuildFile; fileRef = D676746824C39E5500B47CF2 /* LaunchCoordinator.swift */; };
		D676746D24C39E5500B47CF2 /* LaunchViewController.xib in Resources */ = {isa = PBXBuildFile; fileRef = D676746A24C39E5500B47CF2 /* LaunchViewController.xib */; };
		D676746E24C39E5500B47CF2 /* LaunchViewController.swift in Sources */ = {isa = PBXBuildFile; fileRef = D676746B24C39E5500B47CF2 /* LaunchViewController.swift */; };
		D676747124C3A1D000B47CF2 /* ExploreCoordinator.swift in Sources */ = {isa = PBXBuildFile; fileRef = D676747024C3A1D000B47CF2 /* ExploreCoordinator.swift */; };
		D676747424C3A43300B47CF2 /* ExploreViewController.swift in Sources */ = {isa = PBXBuildFile; fileRef = D676747224C3A43300B47CF2 /* ExploreViewController.swift */; };
		D676747524C3A43300B47CF2 /* ExploreViewController.xib in Resources */ = {isa = PBXBuildFile; fileRef = D676747324C3A43300B47CF2 /* ExploreViewController.xib */; };
		D676747C24C5189500B47CF2 /* Place.swift in Sources */ = {isa = PBXBuildFile; fileRef = D676747B24C5189500B47CF2 /* Place.swift */; };
		D676748B24C5F04600B47CF2 /* ExploreDatasource.swift in Sources */ = {isa = PBXBuildFile; fileRef = D676748A24C5F04600B47CF2 /* ExploreDatasource.swift */; };
		D676749124C5F0D100B47CF2 /* EmptyCell.swift in Sources */ = {isa = PBXBuildFile; fileRef = D676748D24C5F0D100B47CF2 /* EmptyCell.swift */; };
		D676749224C5F0D100B47CF2 /* EmptyCell.xib in Resources */ = {isa = PBXBuildFile; fileRef = D676748E24C5F0D100B47CF2 /* EmptyCell.xib */; };
		D676749624C5F10700B47CF2 /* PlaceCell.swift in Sources */ = {isa = PBXBuildFile; fileRef = D676749424C5F10700B47CF2 /* PlaceCell.swift */; };
		D676749724C5F10700B47CF2 /* PlaceCell.xib in Resources */ = {isa = PBXBuildFile; fileRef = D676749524C5F10700B47CF2 /* PlaceCell.xib */; };
		D676749B24C5F1C100B47CF2 /* RoundedView.swift in Sources */ = {isa = PBXBuildFile; fileRef = D676749A24C5F1C100B47CF2 /* RoundedView.swift */; };
		D67674A124C5F41B00B47CF2 /* EmptyDataSource.swift in Sources */ = {isa = PBXBuildFile; fileRef = D67674A024C5F41B00B47CF2 /* EmptyDataSource.swift */; };
		D67674A324C6517A00B47CF2 /* PlacesSyncManager.swift in Sources */ = {isa = PBXBuildFile; fileRef = D67674A224C6517A00B47CF2 /* PlacesSyncManager.swift */; };
		D67674AA24C6D8D000B47CF2 /* SF-Pro-Display-Regular.otf in Resources */ = {isa = PBXBuildFile; fileRef = D67674A624C6D8D000B47CF2 /* SF-Pro-Display-Regular.otf */; };
		D67674AB24C6D8D000B47CF2 /* SF-Pro-Display-Bold.otf in Resources */ = {isa = PBXBuildFile; fileRef = D67674A724C6D8D000B47CF2 /* SF-Pro-Display-Bold.otf */; };
		D67674AC24C6D8D000B47CF2 /* SF-Pro-Display-Medium.otf in Resources */ = {isa = PBXBuildFile; fileRef = D67674A824C6D8D000B47CF2 /* SF-Pro-Display-Medium.otf */; };
		D67674AD24C6D8D000B47CF2 /* SF-Pro-Display-Semibold.otf in Resources */ = {isa = PBXBuildFile; fileRef = D67674A924C6D8D000B47CF2 /* SF-Pro-Display-Semibold.otf */; };
		D67674B124C74DFC00B47CF2 /* RealmWorker.swift in Sources */ = {isa = PBXBuildFile; fileRef = D67674B024C74DFB00B47CF2 /* RealmWorker.swift */; };
		D67674B324C74FD600B47CF2 /* Dictionary+Extension.swift in Sources */ = {isa = PBXBuildFile; fileRef = D67674B224C74FD600B47CF2 /* Dictionary+Extension.swift */; };
		D67674B524C7CB1000B47CF2 /* FooterLoaderViewController.swift in Sources */ = {isa = PBXBuildFile; fileRef = D67674B424C7CB1000B47CF2 /* FooterLoaderViewController.swift */; };
		D67674B724C8F5CF00B47CF2 /* RealmWorkerTestCase.swift in Sources */ = {isa = PBXBuildFile; fileRef = D67674B624C8F5CF00B47CF2 /* RealmWorkerTestCase.swift */; };
		D67674B924C9068A00B47CF2 /* PlaceFetcherTestCase.swift in Sources */ = {isa = PBXBuildFile; fileRef = D67674B824C9068A00B47CF2 /* PlaceFetcherTestCase.swift */; };
		D67674BC24C90F3E00B47CF2 /* ExploreResponsableTestCase.swift in Sources */ = {isa = PBXBuildFile; fileRef = D67674BB24C90F3E00B47CF2 /* ExploreResponsableTestCase.swift */; };
		D67674BE24C9179400B47CF2 /* PhotoListResponsableTestCase.swift in Sources */ = {isa = PBXBuildFile; fileRef = D67674BD24C9179400B47CF2 /* PhotoListResponsableTestCase.swift */; };
		D67674C024C9185300B47CF2 /* PlacePhotoFetcherTestCase.swift in Sources */ = {isa = PBXBuildFile; fileRef = D67674BF24C9185300B47CF2 /* PlacePhotoFetcherTestCase.swift */; };
		D6AD848B24C1267000AF872C /* Responsable.swift in Sources */ = {isa = PBXBuildFile; fileRef = D6AD848824C1267000AF872C /* Responsable.swift */; };
		D6AD848C24C1267000AF872C /* ReusableView.swift in Sources */ = {isa = PBXBuildFile; fileRef = D6AD848A24C1267000AF872C /* ReusableView.swift */; };
		D6AD849724C126DE00AF872C /* UIImageView+Extension.swift in Sources */ = {isa = PBXBuildFile; fileRef = D6AD848E24C126DE00AF872C /* UIImageView+Extension.swift */; };
		D6AD849824C126DE00AF872C /* UIColor+Extension.swift in Sources */ = {isa = PBXBuildFile; fileRef = D6AD848F24C126DE00AF872C /* UIColor+Extension.swift */; };
		D6AD849924C126DE00AF872C /* UIViewController+Extension.swift in Sources */ = {isa = PBXBuildFile; fileRef = D6AD849024C126DE00AF872C /* UIViewController+Extension.swift */; };
		D6AD849A24C126DE00AF872C /* UITableViewCell+Extension.swift in Sources */ = {isa = PBXBuildFile; fileRef = D6AD849124C126DE00AF872C /* UITableViewCell+Extension.swift */; };
		D6AD849B24C126DE00AF872C /* UICollectionView+Extension.swift in Sources */ = {isa = PBXBuildFile; fileRef = D6AD849224C126DE00AF872C /* UICollectionView+Extension.swift */; };
		D6AD849C24C126DE00AF872C /* Font+Extension.swift in Sources */ = {isa = PBXBuildFile; fileRef = D6AD849324C126DE00AF872C /* Font+Extension.swift */; };
		D6AD849D24C126DE00AF872C /* UITableViewHeaderFooterView+Extension.swift in Sources */ = {isa = PBXBuildFile; fileRef = D6AD849424C126DE00AF872C /* UITableViewHeaderFooterView+Extension.swift */; };
		D6AD849E24C126DE00AF872C /* NavigationController.swift in Sources */ = {isa = PBXBuildFile; fileRef = D6AD849524C126DE00AF872C /* NavigationController.swift */; };
		D6AD849F24C126DE00AF872C /* UITableView+Extension.swift in Sources */ = {isa = PBXBuildFile; fileRef = D6AD849624C126DE00AF872C /* UITableView+Extension.swift */; };
		D6AD84A624C1278F00AF872C /* BasePresenter.swift in Sources */ = {isa = PBXBuildFile; fileRef = D6AD84A124C1278F00AF872C /* BasePresenter.swift */; };
		D6AD84A724C1278F00AF872C /* Coordinator.swift in Sources */ = {isa = PBXBuildFile; fileRef = D6AD84A324C1278F00AF872C /* Coordinator.swift */; };
		D6AD84A824C1278F00AF872C /* DataSource.swift in Sources */ = {isa = PBXBuildFile; fileRef = D6AD84A524C1278F00AF872C /* DataSource.swift */; };
		D6AD84AA24C12EBD00AF872C /* ExploreInteractor.swift in Sources */ = {isa = PBXBuildFile; fileRef = D6AD84A924C12EBD00AF872C /* ExploreInteractor.swift */; };
		D6AD84AC24C12F3100AF872C /* ExplorePresenter.swift in Sources */ = {isa = PBXBuildFile; fileRef = D6AD84AB24C12F3100AF872C /* ExplorePresenter.swift */; };
		D6AD84AF24C132AF00AF872C /* AppConstant.swift in Sources */ = {isa = PBXBuildFile; fileRef = D6AD84AE24C132AF00AF872C /* AppConstant.swift */; };
		E78080693197222D02A8857F /* Pods_Nearby_NearbyUITests.framework in Frameworks */ = {isa = PBXBuildFile; fileRef = 4819FBAEA80478744E5B15D7 /* Pods_Nearby_NearbyUITests.framework */; };
/* End PBXBuildFile section */

/* Begin PBXContainerItemProxy section */
		D65960B424C0946D005A2D86 /* PBXContainerItemProxy */ = {
			isa = PBXContainerItemProxy;
			containerPortal = D659609524C0946A005A2D86 /* Project object */;
			proxyType = 1;
			remoteGlobalIDString = D659609C24C0946A005A2D86;
			remoteInfo = Nearby;
		};
		D65960BF24C0946D005A2D86 /* PBXContainerItemProxy */ = {
			isa = PBXContainerItemProxy;
			containerPortal = D659609524C0946A005A2D86 /* Project object */;
			proxyType = 1;
			remoteGlobalIDString = D659609C24C0946A005A2D86;
			remoteInfo = Nearby;
		};
/* End PBXContainerItemProxy section */

/* Begin PBXFileReference section */
		09C21BA03CC63539CAFE9CF3 /* Pods-Nearby-NearbyUITests.release.xcconfig */ = {isa = PBXFileReference; includeInIndex = 1; lastKnownFileType = text.xcconfig; name = "Pods-Nearby-NearbyUITests.release.xcconfig"; path = "Target Support Files/Pods-Nearby-NearbyUITests/Pods-Nearby-NearbyUITests.release.xcconfig"; sourceTree = "<group>"; };
		32160F9A572EB2BED7324C7B /* Pods-Nearby-NearbyUITests.debug.xcconfig */ = {isa = PBXFileReference; includeInIndex = 1; lastKnownFileType = text.xcconfig; name = "Pods-Nearby-NearbyUITests.debug.xcconfig"; path = "Target Support Files/Pods-Nearby-NearbyUITests/Pods-Nearby-NearbyUITests.debug.xcconfig"; sourceTree = "<group>"; };
		4819FBAEA80478744E5B15D7 /* Pods_Nearby_NearbyUITests.framework */ = {isa = PBXFileReference; explicitFileType = wrapper.framework; includeInIndex = 0; path = Pods_Nearby_NearbyUITests.framework; sourceTree = BUILT_PRODUCTS_DIR; };
		5367AF37571F259B573579A6 /* Pods-Nearby.release.xcconfig */ = {isa = PBXFileReference; includeInIndex = 1; lastKnownFileType = text.xcconfig; name = "Pods-Nearby.release.xcconfig"; path = "Target Support Files/Pods-Nearby/Pods-Nearby.release.xcconfig"; sourceTree = "<group>"; };
		587B95105147A1DDAD1A0231 /* Pods_NearbyTests.framework */ = {isa = PBXFileReference; explicitFileType = wrapper.framework; includeInIndex = 0; path = Pods_NearbyTests.framework; sourceTree = BUILT_PRODUCTS_DIR; };
		7BCEB0EE42C6A840185D8E05 /* Pods-NearbyTests.debug.xcconfig */ = {isa = PBXFileReference; includeInIndex = 1; lastKnownFileType = text.xcconfig; name = "Pods-NearbyTests.debug.xcconfig"; path = "Target Support Files/Pods-NearbyTests/Pods-NearbyTests.debug.xcconfig"; sourceTree = "<group>"; };
		9F869E7244FCE13B76EBD7AB /* Pods_Nearby.framework */ = {isa = PBXFileReference; explicitFileType = wrapper.framework; includeInIndex = 0; path = Pods_Nearby.framework; sourceTree = BUILT_PRODUCTS_DIR; };
		B95F5E604CFE7C6EF5DBFEF1 /* Pods-NearbyTests.release.xcconfig */ = {isa = PBXFileReference; includeInIndex = 1; lastKnownFileType = text.xcconfig; name = "Pods-NearbyTests.release.xcconfig"; path = "Target Support Files/Pods-NearbyTests/Pods-NearbyTests.release.xcconfig"; sourceTree = "<group>"; };
		D659609D24C0946A005A2D86 /* Nearby.app */ = {isa = PBXFileReference; explicitFileType = wrapper.application; includeInIndex = 0; path = Nearby.app; sourceTree = BUILT_PRODUCTS_DIR; };
		D65960A024C0946A005A2D86 /* AppDelegate.swift */ = {isa = PBXFileReference; lastKnownFileType = sourcecode.swift; path = AppDelegate.swift; sourceTree = "<group>"; };
		D65960A924C0946D005A2D86 /* Assets.xcassets */ = {isa = PBXFileReference; lastKnownFileType = folder.assetcatalog; path = Assets.xcassets; sourceTree = "<group>"; };
		D65960AC24C0946D005A2D86 /* Base */ = {isa = PBXFileReference; lastKnownFileType = file.storyboard; name = Base; path = Base.lproj/LaunchScreen.storyboard; sourceTree = "<group>"; };
		D65960AE24C0946D005A2D86 /* Info.plist */ = {isa = PBXFileReference; lastKnownFileType = text.plist.xml; path = Info.plist; sourceTree = "<group>"; };
		D65960B324C0946D005A2D86 /* NearbyTests.xctest */ = {isa = PBXFileReference; explicitFileType = wrapper.cfbundle; includeInIndex = 0; path = NearbyTests.xctest; sourceTree = BUILT_PRODUCTS_DIR; };
		D65960B924C0946D005A2D86 /* Info.plist */ = {isa = PBXFileReference; lastKnownFileType = text.plist.xml; path = Info.plist; sourceTree = "<group>"; };
		D65960BE24C0946D005A2D86 /* NearbyUITests.xctest */ = {isa = PBXFileReference; explicitFileType = wrapper.cfbundle; includeInIndex = 0; path = NearbyUITests.xctest; sourceTree = BUILT_PRODUCTS_DIR; };
		D65960C224C0946D005A2D86 /* NearbyUITests.swift */ = {isa = PBXFileReference; lastKnownFileType = sourcecode.swift; path = NearbyUITests.swift; sourceTree = "<group>"; };
		D65960C424C0946D005A2D86 /* Info.plist */ = {isa = PBXFileReference; lastKnownFileType = text.plist.xml; path = Info.plist; sourceTree = "<group>"; };
		D65960D524C0B09B005A2D86 /* Location.swift */ = {isa = PBXFileReference; lastKnownFileType = sourcecode.swift; path = Location.swift; sourceTree = "<group>"; };
		D65960D724C0B0AD005A2D86 /* Venue.swift */ = {isa = PBXFileReference; lastKnownFileType = sourcecode.swift; path = Venue.swift; sourceTree = "<group>"; };
		D65960DC24C0F555005A2D86 /* LocationManager.swift */ = {isa = PBXFileReference; lastKnownFileType = sourcecode.swift; path = LocationManager.swift; sourceTree = "<group>"; };
		D65960DE24C11C05005A2D86 /* LocationCoordinate.swift */ = {isa = PBXFileReference; lastKnownFileType = sourcecode.swift; path = LocationCoordinate.swift; sourceTree = "<group>"; };
		D65960E724C12585005A2D86 /* BaseViewController.swift */ = {isa = PBXFileReference; lastKnownFileType = sourcecode.swift; path = BaseViewController.swift; sourceTree = "<group>"; };
		D676745F24C26AF900B47CF2 /* FoursquarePlaceFetcher.swift */ = {isa = PBXFileReference; lastKnownFileType = sourcecode.swift; path = FoursquarePlaceFetcher.swift; sourceTree = "<group>"; };
		D676746224C3604500B47CF2 /* Photo.swift */ = {isa = PBXFileReference; lastKnownFileType = sourcecode.swift; path = Photo.swift; sourceTree = "<group>"; };
		D676746424C3928300B47CF2 /* PlacePhotoFetcher.swift */ = {isa = PBXFileReference; lastKnownFileType = sourcecode.swift; path = PlacePhotoFetcher.swift; sourceTree = "<group>"; };
		D676746824C39E5500B47CF2 /* LaunchCoordinator.swift */ = {isa = PBXFileReference; fileEncoding = 4; lastKnownFileType = sourcecode.swift; path = LaunchCoordinator.swift; sourceTree = "<group>"; };
		D676746A24C39E5500B47CF2 /* LaunchViewController.xib */ = {isa = PBXFileReference; fileEncoding = 4; lastKnownFileType = file.xib; path = LaunchViewController.xib; sourceTree = "<group>"; };
		D676746B24C39E5500B47CF2 /* LaunchViewController.swift */ = {isa = PBXFileReference; fileEncoding = 4; lastKnownFileType = sourcecode.swift; path = LaunchViewController.swift; sourceTree = "<group>"; };
		D676747024C3A1D000B47CF2 /* ExploreCoordinator.swift */ = {isa = PBXFileReference; lastKnownFileType = sourcecode.swift; path = ExploreCoordinator.swift; sourceTree = "<group>"; };
		D676747224C3A43300B47CF2 /* ExploreViewController.swift */ = {isa = PBXFileReference; lastKnownFileType = sourcecode.swift; path = ExploreViewController.swift; sourceTree = "<group>"; };
		D676747324C3A43300B47CF2 /* ExploreViewController.xib */ = {isa = PBXFileReference; lastKnownFileType = file.xib; path = ExploreViewController.xib; sourceTree = "<group>"; };
		D676747B24C5189500B47CF2 /* Place.swift */ = {isa = PBXFileReference; lastKnownFileType = sourcecode.swift; path = Place.swift; sourceTree = "<group>"; };
		D676748A24C5F04600B47CF2 /* ExploreDatasource.swift */ = {isa = PBXFileReference; lastKnownFileType = sourcecode.swift; path = ExploreDatasource.swift; sourceTree = "<group>"; };
		D676748D24C5F0D100B47CF2 /* EmptyCell.swift */ = {isa = PBXFileReference; fileEncoding = 4; lastKnownFileType = sourcecode.swift; path = EmptyCell.swift; sourceTree = "<group>"; };
		D676748E24C5F0D100B47CF2 /* EmptyCell.xib */ = {isa = PBXFileReference; fileEncoding = 4; lastKnownFileType = file.xib; path = EmptyCell.xib; sourceTree = "<group>"; };
		D676749424C5F10700B47CF2 /* PlaceCell.swift */ = {isa = PBXFileReference; fileEncoding = 4; lastKnownFileType = sourcecode.swift; path = PlaceCell.swift; sourceTree = "<group>"; };
		D676749524C5F10700B47CF2 /* PlaceCell.xib */ = {isa = PBXFileReference; fileEncoding = 4; lastKnownFileType = file.xib; path = PlaceCell.xib; sourceTree = "<group>"; };
		D676749A24C5F1C100B47CF2 /* RoundedView.swift */ = {isa = PBXFileReference; fileEncoding = 4; lastKnownFileType = sourcecode.swift; path = RoundedView.swift; sourceTree = "<group>"; };
		D67674A024C5F41B00B47CF2 /* EmptyDataSource.swift */ = {isa = PBXFileReference; lastKnownFileType = sourcecode.swift; path = EmptyDataSource.swift; sourceTree = "<group>"; };
		D67674A224C6517A00B47CF2 /* PlacesSyncManager.swift */ = {isa = PBXFileReference; lastKnownFileType = sourcecode.swift; path = PlacesSyncManager.swift; sourceTree = "<group>"; };
		D67674A624C6D8D000B47CF2 /* SF-Pro-Display-Regular.otf */ = {isa = PBXFileReference; lastKnownFileType = file; path = "SF-Pro-Display-Regular.otf"; sourceTree = "<group>"; };
		D67674A724C6D8D000B47CF2 /* SF-Pro-Display-Bold.otf */ = {isa = PBXFileReference; lastKnownFileType = file; path = "SF-Pro-Display-Bold.otf"; sourceTree = "<group>"; };
		D67674A824C6D8D000B47CF2 /* SF-Pro-Display-Medium.otf */ = {isa = PBXFileReference; lastKnownFileType = file; path = "SF-Pro-Display-Medium.otf"; sourceTree = "<group>"; };
		D67674A924C6D8D000B47CF2 /* SF-Pro-Display-Semibold.otf */ = {isa = PBXFileReference; lastKnownFileType = file; path = "SF-Pro-Display-Semibold.otf"; sourceTree = "<group>"; };
		D67674B024C74DFB00B47CF2 /* RealmWorker.swift */ = {isa = PBXFileReference; lastKnownFileType = sourcecode.swift; path = RealmWorker.swift; sourceTree = "<group>"; };
		D67674B224C74FD600B47CF2 /* Dictionary+Extension.swift */ = {isa = PBXFileReference; lastKnownFileType = sourcecode.swift; path = "Dictionary+Extension.swift"; sourceTree = "<group>"; };
		D67674B424C7CB1000B47CF2 /* FooterLoaderViewController.swift */ = {isa = PBXFileReference; lastKnownFileType = sourcecode.swift; path = FooterLoaderViewController.swift; sourceTree = "<group>"; };
		D67674B624C8F5CF00B47CF2 /* RealmWorkerTestCase.swift */ = {isa = PBXFileReference; lastKnownFileType = sourcecode.swift; path = RealmWorkerTestCase.swift; sourceTree = "<group>"; };
		D67674B824C9068A00B47CF2 /* PlaceFetcherTestCase.swift */ = {isa = PBXFileReference; lastKnownFileType = sourcecode.swift; path = PlaceFetcherTestCase.swift; sourceTree = "<group>"; };
		D67674BB24C90F3E00B47CF2 /* ExploreResponsableTestCase.swift */ = {isa = PBXFileReference; lastKnownFileType = sourcecode.swift; path = ExploreResponsableTestCase.swift; sourceTree = "<group>"; };
		D67674BD24C9179400B47CF2 /* PhotoListResponsableTestCase.swift */ = {isa = PBXFileReference; lastKnownFileType = sourcecode.swift; path = PhotoListResponsableTestCase.swift; sourceTree = "<group>"; };
		D67674BF24C9185300B47CF2 /* PlacePhotoFetcherTestCase.swift */ = {isa = PBXFileReference; lastKnownFileType = sourcecode.swift; path = PlacePhotoFetcherTestCase.swift; sourceTree = "<group>"; };
		D6AD848824C1267000AF872C /* Responsable.swift */ = {isa = PBXFileReference; fileEncoding = 4; lastKnownFileType = sourcecode.swift; path = Responsable.swift; sourceTree = "<group>"; };
		D6AD848A24C1267000AF872C /* ReusableView.swift */ = {isa = PBXFileReference; fileEncoding = 4; lastKnownFileType = sourcecode.swift; path = ReusableView.swift; sourceTree = "<group>"; };
		D6AD848E24C126DE00AF872C /* UIImageView+Extension.swift */ = {isa = PBXFileReference; fileEncoding = 4; lastKnownFileType = sourcecode.swift; path = "UIImageView+Extension.swift"; sourceTree = "<group>"; };
		D6AD848F24C126DE00AF872C /* UIColor+Extension.swift */ = {isa = PBXFileReference; fileEncoding = 4; lastKnownFileType = sourcecode.swift; path = "UIColor+Extension.swift"; sourceTree = "<group>"; };
		D6AD849024C126DE00AF872C /* UIViewController+Extension.swift */ = {isa = PBXFileReference; fileEncoding = 4; lastKnownFileType = sourcecode.swift; path = "UIViewController+Extension.swift"; sourceTree = "<group>"; };
		D6AD849124C126DE00AF872C /* UITableViewCell+Extension.swift */ = {isa = PBXFileReference; fileEncoding = 4; lastKnownFileType = sourcecode.swift; path = "UITableViewCell+Extension.swift"; sourceTree = "<group>"; };
		D6AD849224C126DE00AF872C /* UICollectionView+Extension.swift */ = {isa = PBXFileReference; fileEncoding = 4; lastKnownFileType = sourcecode.swift; path = "UICollectionView+Extension.swift"; sourceTree = "<group>"; };
		D6AD849324C126DE00AF872C /* Font+Extension.swift */ = {isa = PBXFileReference; fileEncoding = 4; lastKnownFileType = sourcecode.swift; path = "Font+Extension.swift"; sourceTree = "<group>"; };
		D6AD849424C126DE00AF872C /* UITableViewHeaderFooterView+Extension.swift */ = {isa = PBXFileReference; fileEncoding = 4; lastKnownFileType = sourcecode.swift; path = "UITableViewHeaderFooterView+Extension.swift"; sourceTree = "<group>"; };
		D6AD849524C126DE00AF872C /* NavigationController.swift */ = {isa = PBXFileReference; fileEncoding = 4; lastKnownFileType = sourcecode.swift; path = NavigationController.swift; sourceTree = "<group>"; };
		D6AD849624C126DE00AF872C /* UITableView+Extension.swift */ = {isa = PBXFileReference; fileEncoding = 4; lastKnownFileType = sourcecode.swift; path = "UITableView+Extension.swift"; sourceTree = "<group>"; };
		D6AD84A124C1278F00AF872C /* BasePresenter.swift */ = {isa = PBXFileReference; fileEncoding = 4; lastKnownFileType = sourcecode.swift; path = BasePresenter.swift; sourceTree = "<group>"; };
		D6AD84A324C1278F00AF872C /* Coordinator.swift */ = {isa = PBXFileReference; fileEncoding = 4; lastKnownFileType = sourcecode.swift; path = Coordinator.swift; sourceTree = "<group>"; };
		D6AD84A524C1278F00AF872C /* DataSource.swift */ = {isa = PBXFileReference; fileEncoding = 4; lastKnownFileType = sourcecode.swift; path = DataSource.swift; sourceTree = "<group>"; };
		D6AD84A924C12EBD00AF872C /* ExploreInteractor.swift */ = {isa = PBXFileReference; lastKnownFileType = sourcecode.swift; path = ExploreInteractor.swift; sourceTree = "<group>"; };
		D6AD84AB24C12F3100AF872C /* ExplorePresenter.swift */ = {isa = PBXFileReference; lastKnownFileType = sourcecode.swift; path = ExplorePresenter.swift; sourceTree = "<group>"; };
		D6AD84AE24C132AF00AF872C /* AppConstant.swift */ = {isa = PBXFileReference; lastKnownFileType = sourcecode.swift; path = AppConstant.swift; sourceTree = "<group>"; };
		E053C5A77C1F37B7A598E83C /* Pods-Nearby.debug.xcconfig */ = {isa = PBXFileReference; includeInIndex = 1; lastKnownFileType = text.xcconfig; name = "Pods-Nearby.debug.xcconfig"; path = "Target Support Files/Pods-Nearby/Pods-Nearby.debug.xcconfig"; sourceTree = "<group>"; };
/* End PBXFileReference section */

/* Begin PBXFrameworksBuildPhase section */
		D659609A24C0946A005A2D86 /* Frameworks */ = {
			isa = PBXFrameworksBuildPhase;
			buildActionMask = 2147483647;
			files = (
				BBEE758A4E71B78644277329 /* Pods_Nearby.framework in Frameworks */,
			);
			runOnlyForDeploymentPostprocessing = 0;
		};
		D65960B024C0946D005A2D86 /* Frameworks */ = {
			isa = PBXFrameworksBuildPhase;
			buildActionMask = 2147483647;
			files = (
				1C692CD1712D93E8259C4C1C /* Pods_NearbyTests.framework in Frameworks */,
			);
			runOnlyForDeploymentPostprocessing = 0;
		};
		D65960BB24C0946D005A2D86 /* Frameworks */ = {
			isa = PBXFrameworksBuildPhase;
			buildActionMask = 2147483647;
			files = (
				E78080693197222D02A8857F /* Pods_Nearby_NearbyUITests.framework in Frameworks */,
			);
			runOnlyForDeploymentPostprocessing = 0;
		};
/* End PBXFrameworksBuildPhase section */

/* Begin PBXGroup section */
		97568DF2FD22D6A231DADF86 /* Pods */ = {
			isa = PBXGroup;
			children = (
				E053C5A77C1F37B7A598E83C /* Pods-Nearby.debug.xcconfig */,
				5367AF37571F259B573579A6 /* Pods-Nearby.release.xcconfig */,
				32160F9A572EB2BED7324C7B /* Pods-Nearby-NearbyUITests.debug.xcconfig */,
				09C21BA03CC63539CAFE9CF3 /* Pods-Nearby-NearbyUITests.release.xcconfig */,
				7BCEB0EE42C6A840185D8E05 /* Pods-NearbyTests.debug.xcconfig */,
				B95F5E604CFE7C6EF5DBFEF1 /* Pods-NearbyTests.release.xcconfig */,
			);
			path = Pods;
			sourceTree = "<group>";
		};
		C64DD4CF699C8089FD831340 /* Frameworks */ = {
			isa = PBXGroup;
			children = (
				9F869E7244FCE13B76EBD7AB /* Pods_Nearby.framework */,
				4819FBAEA80478744E5B15D7 /* Pods_Nearby_NearbyUITests.framework */,
				587B95105147A1DDAD1A0231 /* Pods_NearbyTests.framework */,
			);
			name = Frameworks;
			sourceTree = "<group>";
		};
		D659609424C0946A005A2D86 = {
			isa = PBXGroup;
			children = (
				D659609F24C0946A005A2D86 /* Nearby */,
				D65960B624C0946D005A2D86 /* NearbyTests */,
				D65960C124C0946D005A2D86 /* NearbyUITests */,
				D659609E24C0946A005A2D86 /* Products */,
				97568DF2FD22D6A231DADF86 /* Pods */,
				C64DD4CF699C8089FD831340 /* Frameworks */,
			);
			sourceTree = "<group>";
		};
		D659609E24C0946A005A2D86 /* Products */ = {
			isa = PBXGroup;
			children = (
				D659609D24C0946A005A2D86 /* Nearby.app */,
				D65960B324C0946D005A2D86 /* NearbyTests.xctest */,
				D65960BE24C0946D005A2D86 /* NearbyUITests.xctest */,
			);
			name = Products;
			sourceTree = "<group>";
		};
		D659609F24C0946A005A2D86 /* Nearby */ = {
			isa = PBXGroup;
			children = (
				D67674A424C6D8D000B47CF2 /* Resources */,
				D676749924C5F1AF00B47CF2 /* Helpers */,
				D6AD848D24C126DE00AF872C /* Extensions */,
				D6AD84AD24C1329300AF872C /* AppConstant */,
				D65960E024C1237A005A2D86 /* Modules */,
				D65960DB24C0F545005A2D86 /* Managers */,
				D65960A024C0946A005A2D86 /* AppDelegate.swift */,
				D65960A924C0946D005A2D86 /* Assets.xcassets */,
				D65960AB24C0946D005A2D86 /* LaunchScreen.storyboard */,
				D65960AE24C0946D005A2D86 /* Info.plist */,
			);
			path = Nearby;
			sourceTree = "<group>";
		};
		D65960B624C0946D005A2D86 /* NearbyTests */ = {
			isa = PBXGroup;
			children = (
				D65960B924C0946D005A2D86 /* Info.plist */,
				D67674B624C8F5CF00B47CF2 /* RealmWorkerTestCase.swift */,
				D67674BB24C90F3E00B47CF2 /* ExploreResponsableTestCase.swift */,
				D67674BD24C9179400B47CF2 /* PhotoListResponsableTestCase.swift */,
				D67674B824C9068A00B47CF2 /* PlaceFetcherTestCase.swift */,
				D67674BF24C9185300B47CF2 /* PlacePhotoFetcherTestCase.swift */,
			);
			path = NearbyTests;
			sourceTree = "<group>";
		};
		D65960C124C0946D005A2D86 /* NearbyUITests */ = {
			isa = PBXGroup;
			children = (
				D65960C224C0946D005A2D86 /* NearbyUITests.swift */,
				D65960C424C0946D005A2D86 /* Info.plist */,
			);
			path = NearbyUITests;
			sourceTree = "<group>";
		};
		D65960D024C0B00E005A2D86 /* Entity */ = {
			isa = PBXGroup;
			children = (
				D65960DE24C11C05005A2D86 /* LocationCoordinate.swift */,
				D65960D524C0B09B005A2D86 /* Location.swift */,
				D65960D724C0B0AD005A2D86 /* Venue.swift */,
				D676746224C3604500B47CF2 /* Photo.swift */,
				D676747B24C5189500B47CF2 /* Place.swift */,
			);
			path = Entity;
			sourceTree = "<group>";
		};
		D65960DB24C0F545005A2D86 /* Managers */ = {
			isa = PBXGroup;
			children = (
				D65960DC24C0F555005A2D86 /* LocationManager.swift */,
				D67674A224C6517A00B47CF2 /* PlacesSyncManager.swift */,
			);
			path = Managers;
			sourceTree = "<group>";
		};
		D65960E024C1237A005A2D86 /* Modules */ = {
			isa = PBXGroup;
			children = (
				D676746624C39E5500B47CF2 /* Launch */,
				D65960E524C12568005A2D86 /* Base */,
				D65960E124C123AA005A2D86 /* Explore */,
			);
			path = Modules;
			sourceTree = "<group>";
		};
		D65960E124C123AA005A2D86 /* Explore */ = {
			isa = PBXGroup;
			children = (
				D676748724C5F01E00B47CF2 /* Datasource */,
				D676746F24C3A1B700B47CF2 /* Coordinator */,
				D676745E24C26AE600B47CF2 /* Workers */,
				D65960D024C0B00E005A2D86 /* Entity */,
				D65960E424C1245E005A2D86 /* Presenter */,
				D65960E324C12450005A2D86 /* Interactor */,
				D65960E224C12447005A2D86 /* View */,
			);
			path = Explore;
			sourceTree = "<group>";
		};
		D65960E224C12447005A2D86 /* View */ = {
			isa = PBXGroup;
			children = (
				D676747624C5163100B47CF2 /* Cell */,
				D676747224C3A43300B47CF2 /* ExploreViewController.swift */,
				D676747324C3A43300B47CF2 /* ExploreViewController.xib */,
			);
			path = View;
			sourceTree = "<group>";
		};
		D65960E324C12450005A2D86 /* Interactor */ = {
			isa = PBXGroup;
			children = (
				D6AD84A924C12EBD00AF872C /* ExploreInteractor.swift */,
			);
			path = Interactor;
			sourceTree = "<group>";
		};
		D65960E424C1245E005A2D86 /* Presenter */ = {
			isa = PBXGroup;
			children = (
				D6AD84AB24C12F3100AF872C /* ExplorePresenter.swift */,
			);
			path = Presenter;
			sourceTree = "<group>";
		};
		D65960E524C12568005A2D86 /* Base */ = {
			isa = PBXGroup;
			children = (
				D6AD848624C1267000AF872C /* Generic */,
				D6AD84A224C1278F00AF872C /* Coordinator */,
				D6AD84A424C1278F00AF872C /* Datasource */,
				D6AD84A024C1278F00AF872C /* Presenter */,
				D65960E624C1256E005A2D86 /* View */,
			);
			path = Base;
			sourceTree = "<group>";
		};
		D65960E624C1256E005A2D86 /* View */ = {
			isa = PBXGroup;
			children = (
				D65960E724C12585005A2D86 /* BaseViewController.swift */,
				D67674B424C7CB1000B47CF2 /* FooterLoaderViewController.swift */,
			);
			path = View;
			sourceTree = "<group>";
		};
		D676745E24C26AE600B47CF2 /* Workers */ = {
			isa = PBXGroup;
			children = (
				D676745F24C26AF900B47CF2 /* FoursquarePlaceFetcher.swift */,
				D676746424C3928300B47CF2 /* PlacePhotoFetcher.swift */,
				D67674B024C74DFB00B47CF2 /* RealmWorker.swift */,
			);
			path = Workers;
			sourceTree = "<group>";
		};
		D676746624C39E5500B47CF2 /* Launch */ = {
			isa = PBXGroup;
			children = (
				D676746724C39E5500B47CF2 /* Coordinator */,
				D676746924C39E5500B47CF2 /* View */,
			);
			path = Launch;
			sourceTree = "<group>";
		};
		D676746724C39E5500B47CF2 /* Coordinator */ = {
			isa = PBXGroup;
			children = (
				D676746824C39E5500B47CF2 /* LaunchCoordinator.swift */,
			);
			path = Coordinator;
			sourceTree = "<group>";
		};
		D676746924C39E5500B47CF2 /* View */ = {
			isa = PBXGroup;
			children = (
				D676746A24C39E5500B47CF2 /* LaunchViewController.xib */,
				D676746B24C39E5500B47CF2 /* LaunchViewController.swift */,
			);
			path = View;
			sourceTree = "<group>";
		};
		D676746F24C3A1B700B47CF2 /* Coordinator */ = {
			isa = PBXGroup;
			children = (
				D676747024C3A1D000B47CF2 /* ExploreCoordinator.swift */,
			);
			path = Coordinator;
			sourceTree = "<group>";
		};
		D676747624C5163100B47CF2 /* Cell */ = {
			isa = PBXGroup;
			children = (
				D676749424C5F10700B47CF2 /* PlaceCell.swift */,
				D676749524C5F10700B47CF2 /* PlaceCell.xib */,
				D676748D24C5F0D100B47CF2 /* EmptyCell.swift */,
				D676748E24C5F0D100B47CF2 /* EmptyCell.xib */,
			);
			path = Cell;
			sourceTree = "<group>";
		};
		D676748724C5F01E00B47CF2 /* Datasource */ = {
			isa = PBXGroup;
			children = (
				D676748A24C5F04600B47CF2 /* ExploreDatasource.swift */,
				D67674A024C5F41B00B47CF2 /* EmptyDataSource.swift */,
			);
			path = Datasource;
			sourceTree = "<group>";
		};
		D676749924C5F1AF00B47CF2 /* Helpers */ = {
			isa = PBXGroup;
			children = (
				D676749A24C5F1C100B47CF2 /* RoundedView.swift */,
			);
			path = Helpers;
			sourceTree = "<group>";
		};
		D67674A424C6D8D000B47CF2 /* Resources */ = {
			isa = PBXGroup;
			children = (
				D67674A524C6D8D000B47CF2 /* Font */,
			);
			path = Resources;
			sourceTree = "<group>";
		};
		D67674A524C6D8D000B47CF2 /* Font */ = {
			isa = PBXGroup;
			children = (
				D67674A624C6D8D000B47CF2 /* SF-Pro-Display-Regular.otf */,
				D67674A724C6D8D000B47CF2 /* SF-Pro-Display-Bold.otf */,
				D67674A824C6D8D000B47CF2 /* SF-Pro-Display-Medium.otf */,
				D67674A924C6D8D000B47CF2 /* SF-Pro-Display-Semibold.otf */,
			);
			path = Font;
			sourceTree = "<group>";
		};
		D6AD848624C1267000AF872C /* Generic */ = {
			isa = PBXGroup;
			children = (
				D6AD848724C1267000AF872C /* Response */,
				D6AD848924C1267000AF872C /* Reusable */,
			);
			path = Generic;
			sourceTree = "<group>";
		};
		D6AD848724C1267000AF872C /* Response */ = {
			isa = PBXGroup;
			children = (
				D6AD848824C1267000AF872C /* Responsable.swift */,
			);
			path = Response;
			sourceTree = "<group>";
		};
		D6AD848924C1267000AF872C /* Reusable */ = {
			isa = PBXGroup;
			children = (
				D6AD848A24C1267000AF872C /* ReusableView.swift */,
			);
			path = Reusable;
			sourceTree = "<group>";
		};
		D6AD848D24C126DE00AF872C /* Extensions */ = {
			isa = PBXGroup;
			children = (
				D6AD848E24C126DE00AF872C /* UIImageView+Extension.swift */,
				D6AD848F24C126DE00AF872C /* UIColor+Extension.swift */,
				D6AD849024C126DE00AF872C /* UIViewController+Extension.swift */,
				D6AD849124C126DE00AF872C /* UITableViewCell+Extension.swift */,
				D6AD849224C126DE00AF872C /* UICollectionView+Extension.swift */,
				D6AD849324C126DE00AF872C /* Font+Extension.swift */,
				D6AD849424C126DE00AF872C /* UITableViewHeaderFooterView+Extension.swift */,
				D6AD849524C126DE00AF872C /* NavigationController.swift */,
				D6AD849624C126DE00AF872C /* UITableView+Extension.swift */,
				D67674B224C74FD600B47CF2 /* Dictionary+Extension.swift */,
			);
			path = Extensions;
			sourceTree = "<group>";
		};
		D6AD84A024C1278F00AF872C /* Presenter */ = {
			isa = PBXGroup;
			children = (
				D6AD84A124C1278F00AF872C /* BasePresenter.swift */,
			);
			path = Presenter;
			sourceTree = "<group>";
		};
		D6AD84A224C1278F00AF872C /* Coordinator */ = {
			isa = PBXGroup;
			children = (
				D6AD84A324C1278F00AF872C /* Coordinator.swift */,
			);
			path = Coordinator;
			sourceTree = "<group>";
		};
		D6AD84A424C1278F00AF872C /* Datasource */ = {
			isa = PBXGroup;
			children = (
				D6AD84A524C1278F00AF872C /* DataSource.swift */,
			);
			path = Datasource;
			sourceTree = "<group>";
		};
		D6AD84AD24C1329300AF872C /* AppConstant */ = {
			isa = PBXGroup;
			children = (
				D6AD84AE24C132AF00AF872C /* AppConstant.swift */,
			);
			path = AppConstant;
			sourceTree = "<group>";
		};
/* End PBXGroup section */

/* Begin PBXNativeTarget section */
		D659609C24C0946A005A2D86 /* Nearby */ = {
			isa = PBXNativeTarget;
			buildConfigurationList = D65960C724C0946D005A2D86 /* Build configuration list for PBXNativeTarget "Nearby" */;
			buildPhases = (
				B49ED6D00A061FEF260707EF /* [CP] Check Pods Manifest.lock */,
				D659609924C0946A005A2D86 /* Sources */,
				D659609A24C0946A005A2D86 /* Frameworks */,
				D659609B24C0946A005A2D86 /* Resources */,
				E37F5D8C4CA6559C767CB2B3 /* [CP] Embed Pods Frameworks */,
			);
			buildRules = (
			);
			dependencies = (
			);
			name = Nearby;
			productName = Nearby;
			productReference = D659609D24C0946A005A2D86 /* Nearby.app */;
			productType = "com.apple.product-type.application";
		};
		D65960B224C0946D005A2D86 /* NearbyTests */ = {
			isa = PBXNativeTarget;
			buildConfigurationList = D65960CA24C0946D005A2D86 /* Build configuration list for PBXNativeTarget "NearbyTests" */;
			buildPhases = (
				2F691434E65AF5BB961733BC /* [CP] Check Pods Manifest.lock */,
				D65960AF24C0946D005A2D86 /* Sources */,
				D65960B024C0946D005A2D86 /* Frameworks */,
				D65960B124C0946D005A2D86 /* Resources */,
			);
			buildRules = (
			);
			dependencies = (
				D65960B524C0946D005A2D86 /* PBXTargetDependency */,
			);
			name = NearbyTests;
			productName = NearbyTests;
			productReference = D65960B324C0946D005A2D86 /* NearbyTests.xctest */;
			productType = "com.apple.product-type.bundle.unit-test";
		};
		D65960BD24C0946D005A2D86 /* NearbyUITests */ = {
			isa = PBXNativeTarget;
			buildConfigurationList = D65960CD24C0946D005A2D86 /* Build configuration list for PBXNativeTarget "NearbyUITests" */;
			buildPhases = (
				F06CBE627F4A5E78108EDE43 /* [CP] Check Pods Manifest.lock */,
				D65960BA24C0946D005A2D86 /* Sources */,
				D65960BB24C0946D005A2D86 /* Frameworks */,
				D65960BC24C0946D005A2D86 /* Resources */,
				648A4C8364AB210D1D799C7B /* [CP] Embed Pods Frameworks */,
			);
			buildRules = (
			);
			dependencies = (
				D65960C024C0946D005A2D86 /* PBXTargetDependency */,
			);
			name = NearbyUITests;
			productName = NearbyUITests;
			productReference = D65960BE24C0946D005A2D86 /* NearbyUITests.xctest */;
			productType = "com.apple.product-type.bundle.ui-testing";
		};
/* End PBXNativeTarget section */

/* Begin PBXProject section */
		D659609524C0946A005A2D86 /* Project object */ = {
			isa = PBXProject;
			attributes = {
				LastSwiftUpdateCheck = 1110;
				LastUpgradeCheck = 1110;
				ORGANIZATIONNAME = foursquare;
				TargetAttributes = {
					D659609C24C0946A005A2D86 = {
						CreatedOnToolsVersion = 11.1;
					};
					D65960B224C0946D005A2D86 = {
						CreatedOnToolsVersion = 11.1;
						TestTargetID = D659609C24C0946A005A2D86;
					};
					D65960BD24C0946D005A2D86 = {
						CreatedOnToolsVersion = 11.1;
						TestTargetID = D659609C24C0946A005A2D86;
					};
				};
			};
			buildConfigurationList = D659609824C0946A005A2D86 /* Build configuration list for PBXProject "Nearby" */;
			compatibilityVersion = "Xcode 9.3";
			developmentRegion = en;
			hasScannedForEncodings = 0;
			knownRegions = (
				en,
				Base,
			);
			mainGroup = D659609424C0946A005A2D86;
			productRefGroup = D659609E24C0946A005A2D86 /* Products */;
			projectDirPath = "";
			projectRoot = "";
			targets = (
				D659609C24C0946A005A2D86 /* Nearby */,
				D65960B224C0946D005A2D86 /* NearbyTests */,
				D65960BD24C0946D005A2D86 /* NearbyUITests */,
			);
		};
/* End PBXProject section */

/* Begin PBXResourcesBuildPhase section */
		D659609B24C0946A005A2D86 /* Resources */ = {
			isa = PBXResourcesBuildPhase;
			buildActionMask = 2147483647;
			files = (
				D676747524C3A43300B47CF2 /* ExploreViewController.xib in Resources */,
				D676749224C5F0D100B47CF2 /* EmptyCell.xib in Resources */,
				D67674AD24C6D8D000B47CF2 /* SF-Pro-Display-Semibold.otf in Resources */,
				D65960AD24C0946D005A2D86 /* LaunchScreen.storyboard in Resources */,
				D676749724C5F10700B47CF2 /* PlaceCell.xib in Resources */,
				D65960AA24C0946D005A2D86 /* Assets.xcassets in Resources */,
				D67674AA24C6D8D000B47CF2 /* SF-Pro-Display-Regular.otf in Resources */,
				D67674AC24C6D8D000B47CF2 /* SF-Pro-Display-Medium.otf in Resources */,
				D67674AB24C6D8D000B47CF2 /* SF-Pro-Display-Bold.otf in Resources */,
				D676746D24C39E5500B47CF2 /* LaunchViewController.xib in Resources */,
			);
			runOnlyForDeploymentPostprocessing = 0;
		};
		D65960B124C0946D005A2D86 /* Resources */ = {
			isa = PBXResourcesBuildPhase;
			buildActionMask = 2147483647;
			files = (
			);
			runOnlyForDeploymentPostprocessing = 0;
		};
		D65960BC24C0946D005A2D86 /* Resources */ = {
			isa = PBXResourcesBuildPhase;
			buildActionMask = 2147483647;
			files = (
			);
			runOnlyForDeploymentPostprocessing = 0;
		};
/* End PBXResourcesBuildPhase section */

/* Begin PBXShellScriptBuildPhase section */
		2F691434E65AF5BB961733BC /* [CP] Check Pods Manifest.lock */ = {
			isa = PBXShellScriptBuildPhase;
			buildActionMask = 2147483647;
			files = (
			);
			inputFileListPaths = (
			);
			inputPaths = (
				"${PODS_PODFILE_DIR_PATH}/Podfile.lock",
				"${PODS_ROOT}/Manifest.lock",
			);
			name = "[CP] Check Pods Manifest.lock";
			outputFileListPaths = (
			);
			outputPaths = (
				"$(DERIVED_FILE_DIR)/Pods-NearbyTests-checkManifestLockResult.txt",
			);
			runOnlyForDeploymentPostprocessing = 0;
			shellPath = /bin/sh;
			shellScript = "diff \"${PODS_PODFILE_DIR_PATH}/Podfile.lock\" \"${PODS_ROOT}/Manifest.lock\" > /dev/null\nif [ $? != 0 ] ; then\n    # print error to STDERR\n    echo \"error: The sandbox is not in sync with the Podfile.lock. Run 'pod install' or update your CocoaPods installation.\" >&2\n    exit 1\nfi\n# This output is used by Xcode 'outputs' to avoid re-running this script phase.\necho \"SUCCESS\" > \"${SCRIPT_OUTPUT_FILE_0}\"\n";
			showEnvVarsInLog = 0;
		};
		648A4C8364AB210D1D799C7B /* [CP] Embed Pods Frameworks */ = {
			isa = PBXShellScriptBuildPhase;
			buildActionMask = 2147483647;
			files = (
			);
			inputFileListPaths = (
				"${PODS_ROOT}/Target Support Files/Pods-Nearby-NearbyUITests/Pods-Nearby-NearbyUITests-frameworks-${CONFIGURATION}-input-files.xcfilelist",
			);
			name = "[CP] Embed Pods Frameworks";
			outputFileListPaths = (
				"${PODS_ROOT}/Target Support Files/Pods-Nearby-NearbyUITests/Pods-Nearby-NearbyUITests-frameworks-${CONFIGURATION}-output-files.xcfilelist",
			);
			runOnlyForDeploymentPostprocessing = 0;
			shellPath = /bin/sh;
			shellScript = "\"${PODS_ROOT}/Target Support Files/Pods-Nearby-NearbyUITests/Pods-Nearby-NearbyUITests-frameworks.sh\"\n";
			showEnvVarsInLog = 0;
		};
		B49ED6D00A061FEF260707EF /* [CP] Check Pods Manifest.lock */ = {
			isa = PBXShellScriptBuildPhase;
			buildActionMask = 2147483647;
			files = (
			);
			inputFileListPaths = (
			);
			inputPaths = (
				"${PODS_PODFILE_DIR_PATH}/Podfile.lock",
				"${PODS_ROOT}/Manifest.lock",
			);
			name = "[CP] Check Pods Manifest.lock";
			outputFileListPaths = (
			);
			outputPaths = (
				"$(DERIVED_FILE_DIR)/Pods-Nearby-checkManifestLockResult.txt",
			);
			runOnlyForDeploymentPostprocessing = 0;
			shellPath = /bin/sh;
			shellScript = "diff \"${PODS_PODFILE_DIR_PATH}/Podfile.lock\" \"${PODS_ROOT}/Manifest.lock\" > /dev/null\nif [ $? != 0 ] ; then\n    # print error to STDERR\n    echo \"error: The sandbox is not in sync with the Podfile.lock. Run 'pod install' or update your CocoaPods installation.\" >&2\n    exit 1\nfi\n# This output is used by Xcode 'outputs' to avoid re-running this script phase.\necho \"SUCCESS\" > \"${SCRIPT_OUTPUT_FILE_0}\"\n";
			showEnvVarsInLog = 0;
		};
		E37F5D8C4CA6559C767CB2B3 /* [CP] Embed Pods Frameworks */ = {
			isa = PBXShellScriptBuildPhase;
			buildActionMask = 2147483647;
			files = (
			);
			inputFileListPaths = (
				"${PODS_ROOT}/Target Support Files/Pods-Nearby/Pods-Nearby-frameworks-${CONFIGURATION}-input-files.xcfilelist",
			);
			name = "[CP] Embed Pods Frameworks";
			outputFileListPaths = (
				"${PODS_ROOT}/Target Support Files/Pods-Nearby/Pods-Nearby-frameworks-${CONFIGURATION}-output-files.xcfilelist",
			);
			runOnlyForDeploymentPostprocessing = 0;
			shellPath = /bin/sh;
			shellScript = "\"${PODS_ROOT}/Target Support Files/Pods-Nearby/Pods-Nearby-frameworks.sh\"\n";
			showEnvVarsInLog = 0;
		};
		F06CBE627F4A5E78108EDE43 /* [CP] Check Pods Manifest.lock */ = {
			isa = PBXShellScriptBuildPhase;
			buildActionMask = 2147483647;
			files = (
			);
			inputFileListPaths = (
			);
			inputPaths = (
				"${PODS_PODFILE_DIR_PATH}/Podfile.lock",
				"${PODS_ROOT}/Manifest.lock",
			);
			name = "[CP] Check Pods Manifest.lock";
			outputFileListPaths = (
			);
			outputPaths = (
				"$(DERIVED_FILE_DIR)/Pods-Nearby-NearbyUITests-checkManifestLockResult.txt",
			);
			runOnlyForDeploymentPostprocessing = 0;
			shellPath = /bin/sh;
			shellScript = "diff \"${PODS_PODFILE_DIR_PATH}/Podfile.lock\" \"${PODS_ROOT}/Manifest.lock\" > /dev/null\nif [ $? != 0 ] ; then\n    # print error to STDERR\n    echo \"error: The sandbox is not in sync with the Podfile.lock. Run 'pod install' or update your CocoaPods installation.\" >&2\n    exit 1\nfi\n# This output is used by Xcode 'outputs' to avoid re-running this script phase.\necho \"SUCCESS\" > \"${SCRIPT_OUTPUT_FILE_0}\"\n";
			showEnvVarsInLog = 0;
		};
/* End PBXShellScriptBuildPhase section */

/* Begin PBXSourcesBuildPhase section */
		D659609924C0946A005A2D86 /* Sources */ = {
			isa = PBXSourcesBuildPhase;
			buildActionMask = 2147483647;
			files = (
				D676746024C26AF900B47CF2 /* FoursquarePlaceFetcher.swift in Sources */,
				D6AD84AC24C12F3100AF872C /* ExplorePresenter.swift in Sources */,
				D67674A324C6517A00B47CF2 /* PlacesSyncManager.swift in Sources */,
				D6AD849D24C126DE00AF872C /* UITableViewHeaderFooterView+Extension.swift in Sources */,
				D6AD849F24C126DE00AF872C /* UITableView+Extension.swift in Sources */,
				D676747124C3A1D000B47CF2 /* ExploreCoordinator.swift in Sources */,
				D676748B24C5F04600B47CF2 /* ExploreDatasource.swift in Sources */,
				D676746524C3928300B47CF2 /* PlacePhotoFetcher.swift in Sources */,
				D67674B524C7CB1000B47CF2 /* FooterLoaderViewController.swift in Sources */,
				D65960D824C0B0AD005A2D86 /* Venue.swift in Sources */,
				D67674B124C74DFC00B47CF2 /* RealmWorker.swift in Sources */,
				D676749124C5F0D100B47CF2 /* EmptyCell.swift in Sources */,
				D6AD849724C126DE00AF872C /* UIImageView+Extension.swift in Sources */,
				D67674A124C5F41B00B47CF2 /* EmptyDataSource.swift in Sources */,
				D676746324C3604500B47CF2 /* Photo.swift in Sources */,
				D6AD849A24C126DE00AF872C /* UITableViewCell+Extension.swift in Sources */,
				D676747C24C5189500B47CF2 /* Place.swift in Sources */,
				D676746C24C39E5500B47CF2 /* LaunchCoordinator.swift in Sources */,
				D67674B324C74FD600B47CF2 /* Dictionary+Extension.swift in Sources */,
				D6AD84A824C1278F00AF872C /* DataSource.swift in Sources */,
				D676746E24C39E5500B47CF2 /* LaunchViewController.swift in Sources */,
				D6AD849924C126DE00AF872C /* UIViewController+Extension.swift in Sources */,
				D6AD848C24C1267000AF872C /* ReusableView.swift in Sources */,
				D65960DD24C0F555005A2D86 /* LocationManager.swift in Sources */,
				D676749624C5F10700B47CF2 /* PlaceCell.swift in Sources */,
				D6AD849824C126DE00AF872C /* UIColor+Extension.swift in Sources */,
				D65960E824C12585005A2D86 /* BaseViewController.swift in Sources */,
				D676747424C3A43300B47CF2 /* ExploreViewController.swift in Sources */,
				D676749B24C5F1C100B47CF2 /* RoundedView.swift in Sources */,
				D6AD848B24C1267000AF872C /* Responsable.swift in Sources */,
				D65960D624C0B09B005A2D86 /* Location.swift in Sources */,
				D65960A124C0946A005A2D86 /* AppDelegate.swift in Sources */,
				D6AD84AF24C132AF00AF872C /* AppConstant.swift in Sources */,
				D6AD849C24C126DE00AF872C /* Font+Extension.swift in Sources */,
				D6AD84AA24C12EBD00AF872C /* ExploreInteractor.swift in Sources */,
				D6AD84A724C1278F00AF872C /* Coordinator.swift in Sources */,
				D65960DF24C11C05005A2D86 /* LocationCoordinate.swift in Sources */,
				D6AD849E24C126DE00AF872C /* NavigationController.swift in Sources */,
				D6AD849B24C126DE00AF872C /* UICollectionView+Extension.swift in Sources */,
				D6AD84A624C1278F00AF872C /* BasePresenter.swift in Sources */,
			);
			runOnlyForDeploymentPostprocessing = 0;
		};
		D65960AF24C0946D005A2D86 /* Sources */ = {
			isa = PBXSourcesBuildPhase;
			buildActionMask = 2147483647;
			files = (
				D67674B924C9068A00B47CF2 /* PlaceFetcherTestCase.swift in Sources */,
				D67674BE24C9179400B47CF2 /* PhotoListResponsableTestCase.swift in Sources */,
				D67674BC24C90F3E00B47CF2 /* ExploreResponsableTestCase.swift in Sources */,
				D67674C024C9185300B47CF2 /* PlacePhotoFetcherTestCase.swift in Sources */,
				D67674B724C8F5CF00B47CF2 /* RealmWorkerTestCase.swift in Sources */,
			);
			runOnlyForDeploymentPostprocessing = 0;
		};
		D65960BA24C0946D005A2D86 /* Sources */ = {
			isa = PBXSourcesBuildPhase;
			buildActionMask = 2147483647;
			files = (
				D65960C324C0946D005A2D86 /* NearbyUITests.swift in Sources */,
			);
			runOnlyForDeploymentPostprocessing = 0;
		};
/* End PBXSourcesBuildPhase section */

/* Begin PBXTargetDependency section */
		D65960B524C0946D005A2D86 /* PBXTargetDependency */ = {
			isa = PBXTargetDependency;
			target = D659609C24C0946A005A2D86 /* Nearby */;
			targetProxy = D65960B424C0946D005A2D86 /* PBXContainerItemProxy */;
		};
		D65960C024C0946D005A2D86 /* PBXTargetDependency */ = {
			isa = PBXTargetDependency;
			target = D659609C24C0946A005A2D86 /* Nearby */;
			targetProxy = D65960BF24C0946D005A2D86 /* PBXContainerItemProxy */;
		};
/* End PBXTargetDependency section */

/* Begin PBXVariantGroup section */
		D65960AB24C0946D005A2D86 /* LaunchScreen.storyboard */ = {
			isa = PBXVariantGroup;
			children = (
				D65960AC24C0946D005A2D86 /* Base */,
			);
			name = LaunchScreen.storyboard;
			sourceTree = "<group>";
		};
/* End PBXVariantGroup section */

/* Begin XCBuildConfiguration section */
		D65960C524C0946D005A2D86 /* Debug */ = {
			isa = XCBuildConfiguration;
			buildSettings = {
				ALWAYS_SEARCH_USER_PATHS = NO;
				CLANG_ANALYZER_NONNULL = YES;
				CLANG_ANALYZER_NUMBER_OBJECT_CONVERSION = YES_AGGRESSIVE;
				CLANG_CXX_LANGUAGE_STANDARD = "gnu++14";
				CLANG_CXX_LIBRARY = "libc++";
				CLANG_ENABLE_MODULES = YES;
				CLANG_ENABLE_OBJC_ARC = YES;
				CLANG_ENABLE_OBJC_WEAK = YES;
				CLANG_WARN_BLOCK_CAPTURE_AUTORELEASING = YES;
				CLANG_WARN_BOOL_CONVERSION = YES;
				CLANG_WARN_COMMA = YES;
				CLANG_WARN_CONSTANT_CONVERSION = YES;
				CLANG_WARN_DEPRECATED_OBJC_IMPLEMENTATIONS = YES;
				CLANG_WARN_DIRECT_OBJC_ISA_USAGE = YES_ERROR;
				CLANG_WARN_DOCUMENTATION_COMMENTS = YES;
				CLANG_WARN_EMPTY_BODY = YES;
				CLANG_WARN_ENUM_CONVERSION = YES;
				CLANG_WARN_INFINITE_RECURSION = YES;
				CLANG_WARN_INT_CONVERSION = YES;
				CLANG_WARN_NON_LITERAL_NULL_CONVERSION = YES;
				CLANG_WARN_OBJC_IMPLICIT_RETAIN_SELF = YES;
				CLANG_WARN_OBJC_LITERAL_CONVERSION = YES;
				CLANG_WARN_OBJC_ROOT_CLASS = YES_ERROR;
				CLANG_WARN_RANGE_LOOP_ANALYSIS = YES;
				CLANG_WARN_STRICT_PROTOTYPES = YES;
				CLANG_WARN_SUSPICIOUS_MOVE = YES;
				CLANG_WARN_UNGUARDED_AVAILABILITY = YES_AGGRESSIVE;
				CLANG_WARN_UNREACHABLE_CODE = YES;
				CLANG_WARN__DUPLICATE_METHOD_MATCH = YES;
				COPY_PHASE_STRIP = NO;
				DEBUG_INFORMATION_FORMAT = dwarf;
				ENABLE_STRICT_OBJC_MSGSEND = YES;
				ENABLE_TESTABILITY = YES;
				GCC_C_LANGUAGE_STANDARD = gnu11;
				GCC_DYNAMIC_NO_PIC = NO;
				GCC_NO_COMMON_BLOCKS = YES;
				GCC_OPTIMIZATION_LEVEL = 0;
				GCC_PREPROCESSOR_DEFINITIONS = (
					"DEBUG=1",
					"$(inherited)",
				);
				GCC_WARN_64_TO_32_BIT_CONVERSION = YES;
				GCC_WARN_ABOUT_RETURN_TYPE = YES_ERROR;
				GCC_WARN_UNDECLARED_SELECTOR = YES;
				GCC_WARN_UNINITIALIZED_AUTOS = YES_AGGRESSIVE;
				GCC_WARN_UNUSED_FUNCTION = YES;
				GCC_WARN_UNUSED_VARIABLE = YES;
				IPHONEOS_DEPLOYMENT_TARGET = 13.1;
				MTL_ENABLE_DEBUG_INFO = INCLUDE_SOURCE;
				MTL_FAST_MATH = YES;
				ONLY_ACTIVE_ARCH = YES;
				SDKROOT = iphoneos;
				SWIFT_ACTIVE_COMPILATION_CONDITIONS = DEBUG;
				SWIFT_OPTIMIZATION_LEVEL = "-Onone";
			};
			name = Debug;
		};
		D65960C624C0946D005A2D86 /* Release */ = {
			isa = XCBuildConfiguration;
			buildSettings = {
				ALWAYS_SEARCH_USER_PATHS = NO;
				CLANG_ANALYZER_NONNULL = YES;
				CLANG_ANALYZER_NUMBER_OBJECT_CONVERSION = YES_AGGRESSIVE;
				CLANG_CXX_LANGUAGE_STANDARD = "gnu++14";
				CLANG_CXX_LIBRARY = "libc++";
				CLANG_ENABLE_MODULES = YES;
				CLANG_ENABLE_OBJC_ARC = YES;
				CLANG_ENABLE_OBJC_WEAK = YES;
				CLANG_WARN_BLOCK_CAPTURE_AUTORELEASING = YES;
				CLANG_WARN_BOOL_CONVERSION = YES;
				CLANG_WARN_COMMA = YES;
				CLANG_WARN_CONSTANT_CONVERSION = YES;
				CLANG_WARN_DEPRECATED_OBJC_IMPLEMENTATIONS = YES;
				CLANG_WARN_DIRECT_OBJC_ISA_USAGE = YES_ERROR;
				CLANG_WARN_DOCUMENTATION_COMMENTS = YES;
				CLANG_WARN_EMPTY_BODY = YES;
				CLANG_WARN_ENUM_CONVERSION = YES;
				CLANG_WARN_INFINITE_RECURSION = YES;
				CLANG_WARN_INT_CONVERSION = YES;
				CLANG_WARN_NON_LITERAL_NULL_CONVERSION = YES;
				CLANG_WARN_OBJC_IMPLICIT_RETAIN_SELF = YES;
				CLANG_WARN_OBJC_LITERAL_CONVERSION = YES;
				CLANG_WARN_OBJC_ROOT_CLASS = YES_ERROR;
				CLANG_WARN_RANGE_LOOP_ANALYSIS = YES;
				CLANG_WARN_STRICT_PROTOTYPES = YES;
				CLANG_WARN_SUSPICIOUS_MOVE = YES;
				CLANG_WARN_UNGUARDED_AVAILABILITY = YES_AGGRESSIVE;
				CLANG_WARN_UNREACHABLE_CODE = YES;
				CLANG_WARN__DUPLICATE_METHOD_MATCH = YES;
				COPY_PHASE_STRIP = NO;
				DEBUG_INFORMATION_FORMAT = "dwarf-with-dsym";
				ENABLE_NS_ASSERTIONS = NO;
				ENABLE_STRICT_OBJC_MSGSEND = YES;
				GCC_C_LANGUAGE_STANDARD = gnu11;
				GCC_NO_COMMON_BLOCKS = YES;
				GCC_WARN_64_TO_32_BIT_CONVERSION = YES;
				GCC_WARN_ABOUT_RETURN_TYPE = YES_ERROR;
				GCC_WARN_UNDECLARED_SELECTOR = YES;
				GCC_WARN_UNINITIALIZED_AUTOS = YES_AGGRESSIVE;
				GCC_WARN_UNUSED_FUNCTION = YES;
				GCC_WARN_UNUSED_VARIABLE = YES;
				IPHONEOS_DEPLOYMENT_TARGET = 13.1;
				MTL_ENABLE_DEBUG_INFO = NO;
				MTL_FAST_MATH = YES;
				SDKROOT = iphoneos;
				SWIFT_COMPILATION_MODE = wholemodule;
				SWIFT_OPTIMIZATION_LEVEL = "-O";
				VALIDATE_PRODUCT = YES;
			};
			name = Release;
		};
		D65960C824C0946D005A2D86 /* Debug */ = {
			isa = XCBuildConfiguration;
			baseConfigurationReference = E053C5A77C1F37B7A598E83C /* Pods-Nearby.debug.xcconfig */;
			buildSettings = {
				ASSETCATALOG_COMPILER_APPICON_NAME = AppIcon;
				CODE_SIGN_STYLE = Automatic;
				DEVELOPMENT_TEAM = 6TCT8D5573;
				INFOPLIST_FILE = Nearby/Info.plist;
				IPHONEOS_DEPLOYMENT_TARGET = 9.3;
				LD_RUNPATH_SEARCH_PATHS = (
					"$(inherited)",
					"@executable_path/Frameworks",
				);
				PRODUCT_BUNDLE_IDENTIFIER = com.foursquare.Nearby;
				PRODUCT_NAME = "$(TARGET_NAME)";
				SWIFT_VERSION = 5.0;
				TARGETED_DEVICE_FAMILY = "1,2";
			};
			name = Debug;
		};
		D65960C924C0946D005A2D86 /* Release */ = {
			isa = XCBuildConfiguration;
			baseConfigurationReference = 5367AF37571F259B573579A6 /* Pods-Nearby.release.xcconfig */;
			buildSettings = {
				ASSETCATALOG_COMPILER_APPICON_NAME = AppIcon;
				CODE_SIGN_STYLE = Automatic;
				DEVELOPMENT_TEAM = 6TCT8D5573;
				INFOPLIST_FILE = Nearby/Info.plist;
				IPHONEOS_DEPLOYMENT_TARGET = 9.3;
				LD_RUNPATH_SEARCH_PATHS = (
					"$(inherited)",
					"@executable_path/Frameworks",
				);
				PRODUCT_BUNDLE_IDENTIFIER = com.foursquare.Nearby;
				PRODUCT_NAME = "$(TARGET_NAME)";
				SWIFT_VERSION = 5.0;
				TARGETED_DEVICE_FAMILY = "1,2";
			};
			name = Release;
		};
		D65960CB24C0946D005A2D86 /* Debug */ = {
			isa = XCBuildConfiguration;
			baseConfigurationReference = 7BCEB0EE42C6A840185D8E05 /* Pods-NearbyTests.debug.xcconfig */;
			buildSettings = {
				ALWAYS_EMBED_SWIFT_STANDARD_LIBRARIES = YES;
				BUNDLE_LOADER = "$(TEST_HOST)";
				CODE_SIGN_STYLE = Automatic;
				DEVELOPMENT_TEAM = 6TCT8D5573;
				INFOPLIST_FILE = NearbyTests/Info.plist;
				IPHONEOS_DEPLOYMENT_TARGET = 13.1;
				LD_RUNPATH_SEARCH_PATHS = (
					"$(inherited)",
					"@executable_path/Frameworks",
					"@loader_path/Frameworks",
				);
				PRODUCT_BUNDLE_IDENTIFIER = com.foursquare.NearbyTests;
				PRODUCT_NAME = "$(TARGET_NAME)";
				SWIFT_VERSION = 5.0;
				TARGETED_DEVICE_FAMILY = "1,2";
				TEST_HOST = "$(BUILT_PRODUCTS_DIR)/Nearby.app/Nearby";
			};
			name = Debug;
		};
		D65960CC24C0946D005A2D86 /* Release */ = {
			isa = XCBuildConfiguration;
			baseConfigurationReference = B95F5E604CFE7C6EF5DBFEF1 /* Pods-NearbyTests.release.xcconfig */;
			buildSettings = {
				ALWAYS_EMBED_SWIFT_STANDARD_LIBRARIES = YES;
				BUNDLE_LOADER = "$(TEST_HOST)";
				CODE_SIGN_STYLE = Automatic;
				DEVELOPMENT_TEAM = 6TCT8D5573;
				INFOPLIST_FILE = NearbyTests/Info.plist;
				IPHONEOS_DEPLOYMENT_TARGET = 13.1;
				LD_RUNPATH_SEARCH_PATHS = (
					"$(inherited)",
					"@executable_path/Frameworks",
					"@loader_path/Frameworks",
				);
				PRODUCT_BUNDLE_IDENTIFIER = com.foursquare.NearbyTests;
				PRODUCT_NAME = "$(TARGET_NAME)";
				SWIFT_VERSION = 5.0;
				TARGETED_DEVICE_FAMILY = "1,2";
				TEST_HOST = "$(BUILT_PRODUCTS_DIR)/Nearby.app/Nearby";
			};
			name = Release;
		};
		D65960CE24C0946D005A2D86 /* Debug */ = {
			isa = XCBuildConfiguration;
			baseConfigurationReference = 32160F9A572EB2BED7324C7B /* Pods-Nearby-NearbyUITests.debug.xcconfig */;
			buildSettings = {
				ALWAYS_EMBED_SWIFT_STANDARD_LIBRARIES = YES;
				CODE_SIGN_STYLE = Automatic;
				DEVELOPMENT_TEAM = 6TCT8D5573;
				INFOPLIST_FILE = NearbyUITests/Info.plist;
				LD_RUNPATH_SEARCH_PATHS = (
					"$(inherited)",
					"@executable_path/Frameworks",
					"@loader_path/Frameworks",
				);
				PRODUCT_BUNDLE_IDENTIFIER = com.foursquare.NearbyUITests;
				PRODUCT_NAME = "$(TARGET_NAME)";
				SWIFT_VERSION = 5.0;
				TARGETED_DEVICE_FAMILY = "1,2";
				TEST_TARGET_NAME = Nearby;
			};
			name = Debug;
		};
		D65960CF24C0946D005A2D86 /* Release */ = {
			isa = XCBuildConfiguration;
			baseConfigurationReference = 09C21BA03CC63539CAFE9CF3 /* Pods-Nearby-NearbyUITests.release.xcconfig */;
			buildSettings = {
				ALWAYS_EMBED_SWIFT_STANDARD_LIBRARIES = YES;
				CODE_SIGN_STYLE = Automatic;
				DEVELOPMENT_TEAM = 6TCT8D5573;
				INFOPLIST_FILE = NearbyUITests/Info.plist;
				LD_RUNPATH_SEARCH_PATHS = (
					"$(inherited)",
					"@executable_path/Frameworks",
					"@loader_path/Frameworks",
				);
				PRODUCT_BUNDLE_IDENTIFIER = com.foursquare.NearbyUITests;
				PRODUCT_NAME = "$(TARGET_NAME)";
				SWIFT_VERSION = 5.0;
				TARGETED_DEVICE_FAMILY = "1,2";
				TEST_TARGET_NAME = Nearby;
			};
			name = Release;
		};
/* End XCBuildConfiguration section */

/* Begin XCConfigurationList section */
		D659609824C0946A005A2D86 /* Build configuration list for PBXProject "Nearby" */ = {
			isa = XCConfigurationList;
			buildConfigurations = (
				D65960C524C0946D005A2D86 /* Debug */,
				D65960C624C0946D005A2D86 /* Release */,
			);
			defaultConfigurationIsVisible = 0;
			defaultConfigurationName = Release;
		};
		D65960C724C0946D005A2D86 /* Build configuration list for PBXNativeTarget "Nearby" */ = {
			isa = XCConfigurationList;
			buildConfigurations = (
				D65960C824C0946D005A2D86 /* Debug */,
				D65960C924C0946D005A2D86 /* Release */,
			);
			defaultConfigurationIsVisible = 0;
			defaultConfigurationName = Release;
		};
		D65960CA24C0946D005A2D86 /* Build configuration list for PBXNativeTarget "NearbyTests" */ = {
			isa = XCConfigurationList;
			buildConfigurations = (
				D65960CB24C0946D005A2D86 /* Debug */,
				D65960CC24C0946D005A2D86 /* Release */,
			);
			defaultConfigurationIsVisible = 0;
			defaultConfigurationName = Release;
		};
		D65960CD24C0946D005A2D86 /* Build configuration list for PBXNativeTarget "NearbyUITests" */ = {
			isa = XCConfigurationList;
			buildConfigurations = (
				D65960CE24C0946D005A2D86 /* Debug */,
				D65960CF24C0946D005A2D86 /* Release */,
			);
			defaultConfigurationIsVisible = 0;
			defaultConfigurationName = Release;
		};
/* End XCConfigurationList section */
	};
	rootObject = D659609524C0946A005A2D86 /* Project object */;
}
